{
  "version": "2",
  "remote": {
    "https://deno.land/std@0.182.0/fmt/colors.ts": "d67e3cd9f472535241a8e410d33423980bec45047e343577554d3356e1f0ef4e",
    "https://deno.land/std@0.182.0/testing/_diff.ts": "1a3c044aedf77647d6cac86b798c6417603361b66b54c53331b312caeb447aea",
    "https://deno.land/std@0.182.0/testing/_format.ts": "a69126e8a469009adf4cf2a50af889aca364c349797e63174884a52ff75cf4c7",
    "https://deno.land/std@0.182.0/testing/asserts.ts": "e16d98b4d73ffc4ed498d717307a12500ae4f2cbe668f1a215632d19fcffc22f",
    "https://esm.sh/preact-render-to-string@5.2.6": "7afd5ec5e8dce2325ad98c7d258bb443920024cae1b4a38fa4c3b3384c3af733",
    "https://esm.sh/preact@10.13.2": "5ebf0838bbc3c32fc6e78a4cd9dd672f2c36386d0595815d721a6b0941278488",
    "https://esm.sh/preact@10.13.2/jsx-runtime": "210358188111aff4c83f9bcba94304819b89e565d07430c5655d0ac720f22f03",
    "https://esm.sh/remark-directive-rehype@0.4.2": "104ec8e1378fd8282b08fc6f207ce7671530cbb02e41921b3938b27d3d58c293",
    "https://esm.sh/remark-directive@2.0.1": "4351e754f665098fd9b69fe17c4ac7c2e3e23a26a70c4d1dc7bf7d6143a246ad",
    "https://esm.sh/remark-gfm@3.0.1": "0f63c77668d03ea704b130632371368e944e65cf153edada850d60c8f991a1cf",
    "https://esm.sh/remark-parse@10.0.1": "877cd3974bf7a19807253db5c6d939928a84d726a510948eb902a8f1a5f3d294",
    "https://esm.sh/remark-rehype@10.1.0": "e99b00e12e9a347d45541911149e637824fac4d67b02cf0e745207d9c0d78248",
    "https://esm.sh/stable/preact@10.13.1/deno/preact.mjs": "9b73545225d0ed274c89f39aee524a2857c81a73060e80c2c4bdc2a6de7bec26",
    "https://esm.sh/stable/preact@10.13.2/deno/jsx-runtime.js": "dd40c5bdfe7b277bf51009fb950c550dfb554b6d56a1b3a4cb9bc12bde84bcd1",
    "https://esm.sh/stable/preact@10.13.2/deno/preact.mjs": "365fab897381f4f403f859c5d12939084560545567108cc90dae901bbe892578",
    "https://esm.sh/unified@10.1.2": "a28b64692bf6835cf358e52e023fe4462a61835aeb578edc49e0aefaf2f14378",
    "https://esm.sh/v111/@types/mdast@3.0.10/index.d.ts": "44f816a707d7a76edd9a60ee6b5492bdcf0d2edc4dc6d4702a81ad20dd65c3b5",
    "https://esm.sh/v111/@types/unist@2.0.6/index.d.ts": "cddf5c26907c0b8378bc05543161c11637b830da9fadf59e02a11e675d11e180",
    "https://esm.sh/v111/ccount@2.0.1/deno/ccount.js": "781a282240c061ffb5ea667bf0235486d2c9f2a6f0267bdf0081c830806f18e2",
    "https://esm.sh/v111/character-entities-html4@2.1.0/deno/character-entities-html4.js": "4b00247e4ab9ad02b8d29caec8d527918957a4053e7382d78407dde0302633fa",
    "https://esm.sh/v111/character-entities-legacy@3.0.0/deno/character-entities-legacy.js": "610f382fad74f0c4dc090b4b4636097b7bd905e5bf67194f7f10f44d2c39f69d",
    "https://esm.sh/v111/character-entities@2.0.2/deno/character-entities.js": "e12f560609a85d117b707c575355600c1dae09d78cf9a7d725ffc302e170a0b7",
    "https://esm.sh/v111/character-reference-invalid@2.0.1/deno/character-reference-invalid.js": "0611f6a6bd7e11d8a344be0768c66ba344de972637149a4c3438b05fc70e8210",
    "https://esm.sh/v111/comma-separated-tokens@2.0.3/deno/comma-separated-tokens.js": "93396131a10a9ec4063ed33aa1c76686370f67beb1720f0c53a1b9b7247f22b7",
    "https://esm.sh/v111/decode-named-character-reference@1.0.2/deno/decode-named-character-reference.js": "9da312ffdc4f47be2c27daefebe33f22909e7642d15a3b4a6865876ee5fabe23",
    "https://esm.sh/v111/escape-string-regexp@5.0.0/deno/escape-string-regexp.js": "536a7fc425046d815e9fbbedf452ddc62178122f87677f0a371604f98d9ce249",
    "https://esm.sh/v111/hast-util-parse-selector@3.1.1/deno/hast-util-parse-selector.js": "75f2778e0d0ab72749170fac0854e135e0beb0ab562cb4bd7b6a79b546cbacdb",
    "https://esm.sh/v111/hastscript@7.2.0/deno/hastscript.js": "1d232e11b5f0c4304e7e44643334dab679f693ade8d270abf51e0f8392486527",
    "https://esm.sh/v111/is-alphabetical@2.0.1/deno/is-alphabetical.js": "1d95b7c077189984bcc2554195d582a6e73f9e73dc28fed597e156310c657f34",
    "https://esm.sh/v111/is-alphanumerical@2.0.1/deno/is-alphanumerical.js": "9f23a84d04d4c6c348465f36c8b36c6d85f097f42ed96b2a8993e1c0fab4618d",
    "https://esm.sh/v111/is-decimal@2.0.1/deno/is-decimal.js": "3e08b10409c04a950394e2ae425bb07ccabe4d1c4b7949826e90ff770573ee78",
    "https://esm.sh/v111/is-hexadecimal@2.0.1/deno/is-hexadecimal.js": "79e403b0b6ff55b9ff1e7cfa27831fbe3e69fafd9b3555c95a55d61a407c2d90",
    "https://esm.sh/v111/markdown-table@3.0.3/deno/markdown-table.js": "f0cc2a6dc36acc999929643f8b04d737ac0cb498e5915a90b1e0d32b54bbdc44",
    "https://esm.sh/v111/markdown-table@3.0.3/index.d.ts": "d6fdaeb6f1e4e29d7827e30d743dfef5cb6c8bca4bc546001a3b3e751a2de06c",
    "https://esm.sh/v111/mdast-util-directive@2.2.4/deno/mdast-util-directive.js": "6c740b026b01596d8602a6cb153142e79a63ecdf8472c4f915b17cb5eaa3b8c6",
    "https://esm.sh/v111/mdast-util-directive@2.2.4/index.d.ts": "aa056be44a4b19d04afbb15542409b9cf873fb931dcf193d833099db34131af3",
    "https://esm.sh/v111/mdast-util-directive@2.2.4/lib/index.d.ts": "57a2fe6766beb3044a961e9a3285f5bdae24dd6aa974317031334f8fa193732d",
    "https://esm.sh/v111/mdast-util-find-and-replace@2.2.2/deno/mdast-util-find-and-replace.js": "bce26b74a08a412053d9a4694306e88dca6bba26022756482e27785f7e29684a",
    "https://esm.sh/v111/mdast-util-from-markdown@1.3.0/index.d.ts": "af7076b2fee9a614d9a967f635907612358dbbdc5c0b1ea4b4aa43f4630cff2f",
    "https://esm.sh/v111/mdast-util-from-markdown@1.3.0/lib/index.d.ts": "07fe4babd8f82c503a3d1a48b62778e69a3e28c4003111a2b54da33360aea771",
    "https://esm.sh/v111/mdast-util-gfm-autolink-literal@1.0.3/deno/mdast-util-gfm-autolink-literal.js": "a48d5302e44072b7b3c73b216eb6681cf8dd658017c300a68dcf8928403e2ba2",
    "https://esm.sh/v111/mdast-util-gfm-footnote@1.0.2/deno/mdast-util-gfm-footnote.js": "f26078b18fe86bc0553e537fb0b311181800fbf89bddda12deec9ee703e06325",
    "https://esm.sh/v111/mdast-util-gfm-strikethrough@1.0.3/deno/mdast-util-gfm-strikethrough.js": "539654302bf0a71e37e8aab6ff6919f58f63e390ad6e77287f536a5bb6f49e46",
    "https://esm.sh/v111/mdast-util-gfm-table@1.0.7/deno/mdast-util-gfm-table.js": "e188d0c4b1cccfd74754e751483300e5748c68bdb8195220dd9f46b3c7dc1561",
    "https://esm.sh/v111/mdast-util-gfm-table@1.0.7/index.d.ts": "740c412d1718fbe4c76549b3bd82298c94458eceec69f9c70981d0caa42754ed",
    "https://esm.sh/v111/mdast-util-gfm-table@1.0.7/lib/index.d.ts": "a5c6a8c4820d467d5ab5c45490a9ef39e89462b3da30680488cdbd20f310e9ef",
    "https://esm.sh/v111/mdast-util-gfm-task-list-item@1.0.2/deno/mdast-util-gfm-task-list-item.js": "1da444aef8287877411eb0e3bc51ed5aa2114bf4f971a973ac3492c6752770dc",
    "https://esm.sh/v111/mdast-util-gfm@2.0.2/deno/mdast-util-gfm.js": "705b969a4834e81229843c27e9f6ff1dd130fd49b4cddecd8e8caba2f512b33e",
    "https://esm.sh/v111/mdast-util-gfm@2.0.2/index.d.ts": "9a5fea095a9ba59fe3038060ca55772a688cc57ff77950053936c62ca342a8c7",
    "https://esm.sh/v111/mdast-util-gfm@2.0.2/lib/index.d.ts": "8909ac0c960751fddbba282e3472e156e03355802459d1628d0796de53bf99af",
    "https://esm.sh/v111/mdast-util-to-markdown@1.5.0/deno/lib/handle/inline-code.js": "e3f67907955c6f44d62c4bd54538eeab326ceba167b394cf203f34aa562080e6",
    "https://esm.sh/v111/mdast-util-to-markdown@1.5.0/deno/lib/handle/list-item.js": "34b9cbd7cb4b278dbdbf7d21a3c5399659a970ed2f051391753c15c284d8d4c7",
    "https://esm.sh/v111/mdast-util-to-markdown@1.5.0/deno/lib/util/association.js": "8273311a1d75b8f0a673d28bea4167f5067e78172b0b7f2332091e635df3ed12",
    "https://esm.sh/v111/mdast-util-to-markdown@1.5.0/deno/lib/util/check-bullet.js": "e9599ca7b05bc0dfa9ff770a38b9c75127d63e96b631f434eeac37fa27bebfc0",
    "https://esm.sh/v111/mdast-util-to-markdown@1.5.0/deno/lib/util/check-list-item-indent.js": "1240306cb0158db32bd6082f8b2ccf4d1568ad147cb77359f26064b9077cc2eb",
    "https://esm.sh/v111/mdast-util-to-markdown@1.5.0/deno/lib/util/check-quote.js": "24d4b60e486f2f3dffdf7c898caf4dfd723a384dfea6edb1c6e610e053abe6e5",
    "https://esm.sh/v111/mdast-util-to-markdown@1.5.0/deno/lib/util/container-flow.js": "718251daa8f81b84af29147f87f9d288acc9bfdde52545d8dbd3d95ae00e464e",
    "https://esm.sh/v111/mdast-util-to-markdown@1.5.0/deno/lib/util/container-phrasing.js": "8e79713099198bf96687a5b505f16ed491c25b35b1c064a90f026bd20050af52",
    "https://esm.sh/v111/mdast-util-to-markdown@1.5.0/deno/lib/util/indent-lines.js": "fb8c6418d1460fc9a42be635f07fea6db24cadc90b4422aa2c3d025822077829",
    "https://esm.sh/v111/mdast-util-to-markdown@1.5.0/deno/lib/util/pattern-compile.js": "c907063aae7a95d477e77659571a9ab53867075dd50d9dd3fd9176e4ae2da60f",
    "https://esm.sh/v111/mdast-util-to-markdown@1.5.0/deno/lib/util/pattern-in-scope.js": "6914a872e963efc95679a68c81979720f84bf7e99994560d083683eaab8aa933",
    "https://esm.sh/v111/mdast-util-to-markdown@1.5.0/deno/lib/util/safe.js": "c399ca167fe5bd47384bb1acb733cf67a4a234a24e82c9de765ae3663f269906",
    "https://esm.sh/v111/mdast-util-to-markdown@1.5.0/deno/lib/util/track.js": "294e490957b0e6a44aa0c7f1be0eddbd07169499e4811c15bae4ae9a375e20a7",
    "https://esm.sh/v111/mdast-util-to-markdown@1.5.0/index.d.ts": "4ae65c60b771ce95470db3a6816ab150917250bcb982debcebeec0cfe4f75136",
    "https://esm.sh/v111/mdast-util-to-markdown@1.5.0/lib/handle/blockquote.d.ts": "e5c25957c7d6196682a8c71bbac7c0fae936c3f3be019c00f1e72a074747a185",
    "https://esm.sh/v111/mdast-util-to-markdown@1.5.0/lib/handle/break.d.ts": "9ca3b48eb2b367aa2116ffe26fc9ec615427f983c0a763a508f7e1358a2ffcfe",
    "https://esm.sh/v111/mdast-util-to-markdown@1.5.0/lib/handle/code.d.ts": "44b367485f60f56ce8f6811e342f7b1ce0afb23555e98854a7e435dd47abac05",
    "https://esm.sh/v111/mdast-util-to-markdown@1.5.0/lib/handle/definition.d.ts": "697c77b5eb3ce9633823f5259b9a1294adbd50ce2752a43312b56df267ce02ae",
    "https://esm.sh/v111/mdast-util-to-markdown@1.5.0/lib/handle/emphasis.d.ts": "41a4f4ee61f0ba3a9faba176a10d6c24e2374e08b9a7f91c2fbde936763dd182",
    "https://esm.sh/v111/mdast-util-to-markdown@1.5.0/lib/handle/heading.d.ts": "8247ad0af30a2e4fa6785e4aa5c1f937b071777dbaced16d23cc4ba591c7766f",
    "https://esm.sh/v111/mdast-util-to-markdown@1.5.0/lib/handle/html.d.ts": "472106d86b0e8f89fb3a6932e9bb589df1dfd965713043fba8f143c2d18fbcc3",
    "https://esm.sh/v111/mdast-util-to-markdown@1.5.0/lib/handle/image-reference.d.ts": "46576f00ef67b7b06602864afae73dc51d2bed0aaa27f1fd2647ee72c0383f34",
    "https://esm.sh/v111/mdast-util-to-markdown@1.5.0/lib/handle/image.d.ts": "97583b0d4e3a7b61073fcfa568fa0128264e6e8da5fe193f112fa531634ceb16",
    "https://esm.sh/v111/mdast-util-to-markdown@1.5.0/lib/handle/index.d.ts": "9603f45f09b41807962e338d1fbaf496d25575463c08e61b11bcddbad052d10d",
    "https://esm.sh/v111/mdast-util-to-markdown@1.5.0/lib/handle/inline-code.d.ts": "6ab78fc0195e9a7161a8260e654d86098d06e76617da110cff48cbb27c59722a",
    "https://esm.sh/v111/mdast-util-to-markdown@1.5.0/lib/handle/link-reference.d.ts": "114475acfa2df4b14134d64533682082e79dc4d27742eec98d5f036cfe7ebd22",
    "https://esm.sh/v111/mdast-util-to-markdown@1.5.0/lib/handle/link.d.ts": "891b1fa3ae160678f01125eab37b3939b8893563e67de0f68d45ef83bc28c2bb",
    "https://esm.sh/v111/mdast-util-to-markdown@1.5.0/lib/handle/list-item.d.ts": "0641eb12fae5c0f001ce26d719f762de8ebdb225a901d63a9170e27969e1d816",
    "https://esm.sh/v111/mdast-util-to-markdown@1.5.0/lib/handle/list.d.ts": "c276fefbb6ea6d2408b75dd1c94cf76716be7cf12cf591ac97adaf6f3f44450c",
    "https://esm.sh/v111/mdast-util-to-markdown@1.5.0/lib/handle/paragraph.d.ts": "8ef16dbd1839af9a5c7946c8219001fd1a2e150e52c9bf888b6ec2cf2095f103",
    "https://esm.sh/v111/mdast-util-to-markdown@1.5.0/lib/handle/root.d.ts": "1110cdece799d80c2ee55550bb1575116e36b027051aa5365f948ae0ebf98608",
    "https://esm.sh/v111/mdast-util-to-markdown@1.5.0/lib/handle/strong.d.ts": "d8365e6a30b14282982f6a5b565f6212bb0d13616cfb2ea9bbf58d77710213af",
    "https://esm.sh/v111/mdast-util-to-markdown@1.5.0/lib/handle/text.d.ts": "57489abbcd04023ec59950cbeff0cdbd087ec1ee64704864df54c46324809e4e",
    "https://esm.sh/v111/mdast-util-to-markdown@1.5.0/lib/handle/thematic-break.d.ts": "f1531124d2f5c855593ea20b2efdcd434e4e2b025d7882d086c2f5f0ff48ec9f",
    "https://esm.sh/v111/mdast-util-to-markdown@1.5.0/lib/index.d.ts": "8d85391c069a2ea0c0779abc56e48347dd8a885d4fefe1d09f3cfa4a252e4bfd",
    "https://esm.sh/v111/mdast-util-to-markdown@1.5.0/lib/types.d.ts": "7ceadc6ac7f233341904a2b48adf82ea176aa00ba3da1dccc52107277101b935",
    "https://esm.sh/v111/micromark-core-commonmark@1.0.6/deno/micromark-core-commonmark.js": "d50b0eea95d433b3836bee0fee4892bbb28eaae307251ee8481ae188e1263128",
    "https://esm.sh/v111/micromark-extension-directive@2.1.2/deno/micromark-extension-directive.js": "a6eab1c96e6b796773157e41faf88cc7362fa8d80dd3439d73f57ac806d13c2e",
    "https://esm.sh/v111/micromark-extension-gfm-autolink-literal@1.0.3/deno/micromark-extension-gfm-autolink-literal.js": "26f6642b784602be90d9a1afa0885f9e690d6d4bff3ffe0f1ec5c916ddf996e9",
    "https://esm.sh/v111/micromark-extension-gfm-footnote@1.0.4/deno/micromark-extension-gfm-footnote.js": "c3017eb062cf357d68a0a3514896980805e9dff20f91e0ea221d2d1b2acd1af1",
    "https://esm.sh/v111/micromark-extension-gfm-footnote@1.0.4/index.d.ts": "cdf83836c7a37aabb08751b596248d7c0e02ed155d72a1939b9db112196c6476",
    "https://esm.sh/v111/micromark-extension-gfm-footnote@1.0.4/lib/html.d.ts": "380f8fdff496bbebc68a125be7452fa6e30f1a622bde826f8aae8acdafb05321",
    "https://esm.sh/v111/micromark-extension-gfm-footnote@1.0.4/lib/syntax.d.ts": "39efab196ca5e0bb3df5880c7350d6280c021d61fc8a8fc088c923cc1928ee61",
    "https://esm.sh/v111/micromark-extension-gfm-strikethrough@1.0.4/deno/micromark-extension-gfm-strikethrough.js": "d89e05c08750ed9a3d596329b15cf4a2e080c3b63f2a8a24a2ce31291151eb1f",
    "https://esm.sh/v111/micromark-extension-gfm-strikethrough@1.0.4/index.d.ts": "af9ef81e4a775c469cbd104f987c740531fe7bf1f8287591c1769232a3751b09",
    "https://esm.sh/v111/micromark-extension-gfm-strikethrough@1.0.4/lib/html.d.ts": "4a2ce521a38602779588991b5e9fd126d748057b66ff33bee2cf8e60d57b502a",
    "https://esm.sh/v111/micromark-extension-gfm-strikethrough@1.0.4/lib/syntax.d.ts": "0970c24d6d632501ea68b8cf08e0f2ff2f522b1e1c7f3eea189f9583171a9b71",
    "https://esm.sh/v111/micromark-extension-gfm-table@1.0.5/deno/micromark-extension-gfm-table.js": "b00f99a1b93de9a4fb86a47659123b0dd8b65972c7168bc04ea2d1fc3e35cd84",
    "https://esm.sh/v111/micromark-extension-gfm-tagfilter@1.0.1/deno/micromark-extension-gfm-tagfilter.js": "d4486997d7f95ce1e10883ce45bec091e9f1a68937090a45a9a3e0ba00482eb3",
    "https://esm.sh/v111/micromark-extension-gfm-task-list-item@1.0.3/deno/micromark-extension-gfm-task-list-item.js": "be7b09e1958b5891f8952f3689f63ed94b1da02f4dedf9919b33a7a4e25117cf",
    "https://esm.sh/v111/micromark-extension-gfm@2.0.1/deno/micromark-extension-gfm.js": "75abe49b1ed039263439e0b977c12b81f9218d9fc65952c88a194b0061f01543",
    "https://esm.sh/v111/micromark-extension-gfm@2.0.1/index.d.ts": "9f14de393dfd22ac0497257e7e34058e9a80586546da3d87c417e7b39f3da60c",
    "https://esm.sh/v111/micromark-factory-destination@1.0.0/deno/micromark-factory-destination.js": "c5bd016efa728e545f4165395a9aaf7152045e9f173291029b5c241382510ce6",
    "https://esm.sh/v111/micromark-factory-label@1.0.2/deno/micromark-factory-label.js": "a708f24b03261711193dd84e7c4b38c4399bf8be641c9f60424b2f9b75862bbe",
    "https://esm.sh/v111/micromark-factory-space@1.0.0/deno/micromark-factory-space.js": "01452d934e54d23e681908092d285e5eb712442da7cca2c088a0a747e380691e",
    "https://esm.sh/v111/micromark-factory-title@1.0.2/deno/micromark-factory-title.js": "ab65f93315ca49aee636186c00b820616b38fd56622852149c71523a72856d08",
    "https://esm.sh/v111/micromark-factory-whitespace@1.0.0/deno/micromark-factory-whitespace.js": "c03ca657287ef621c21c99ae666665aa5394f2f75a293ceb15afb4989c3c5813",
    "https://esm.sh/v111/micromark-util-character@1.1.0/deno/micromark-util-character.js": "2d87a7db4f062f29b4f7d4cfa281326397e82e9fd3fc60a6406c71a076445c33",
    "https://esm.sh/v111/micromark-util-chunked@1.0.0/deno/micromark-util-chunked.js": "91a506e15f46497fd39d32a2f4d18d420ad962060b73f4935086b14d05620dd8",
    "https://esm.sh/v111/micromark-util-classify-character@1.0.0/deno/micromark-util-classify-character.js": "055d9d2ef907f3e64db6171a590c972f9078e7dc37035f95b0f63287fcc3ce8c",
    "https://esm.sh/v111/micromark-util-combine-extensions@1.0.0/deno/micromark-util-combine-extensions.js": "1428d04798d9c63240c93dfd8c8edac379f2a7ce5f162c63172f18ce7d75ea34",
    "https://esm.sh/v111/micromark-util-decode-numeric-character-reference@1.0.0/deno/micromark-util-decode-numeric-character-reference.js": "d58a193c272bb24523aab124ded287250f1990b704d3f3c86914e60e9421f4a8",
    "https://esm.sh/v111/micromark-util-decode-string@1.0.2/deno/micromark-util-decode-string.js": "567be99c9c67c3e6f1a650e97bc1ac0386c27f03735579a2092c4d7d754ba001",
    "https://esm.sh/v111/micromark-util-encode@1.0.1/deno/micromark-util-encode.js": "4142a2a25ab273c32cde772df52ecd1d1e93cae2f5797d65a7ef8d7817b02fc8",
    "https://esm.sh/v111/micromark-util-html-tag-name@1.1.0/deno/micromark-util-html-tag-name.js": "a4c3036fd43470cd98bf6bb4c98aafa1f8d2ba3f934f9c5bfdd6cb91a9edff78",
    "https://esm.sh/v111/micromark-util-normalize-identifier@1.0.0/deno/micromark-util-normalize-identifier.js": "c4f523562bce27247f03b79293bd5cf61db52cd353768ed249faff12dfa5a8a5",
    "https://esm.sh/v111/micromark-util-resolve-all@1.0.0/deno/micromark-util-resolve-all.js": "6a9bcd575bbe1bcbfd9553ffc08912256bcae6cf9843b18378523615a44a9306",
    "https://esm.sh/v111/micromark-util-sanitize-uri@1.1.0/deno/micromark-util-sanitize-uri.js": "03b0ebdc8688c4293a55df56415e0c02b79e27d0f38fa8c4bbd430f6cba942ca",
    "https://esm.sh/v111/micromark-util-subtokenize@1.0.2/deno/micromark-util-subtokenize.js": "c1910e4307a69fb2b0960a594300a7e72ff047b43101ebf42297d8c65f3bc31e",
    "https://esm.sh/v111/micromark-util-types@1.0.2/index.d.ts": "cce0134a9da5d93b08f4da07a18ca5bcb8f595216783bca8572182a928f0f03b",
    "https://esm.sh/v111/parse-entities@4.0.1/deno/parse-entities.js": "e368daa2cffdcf80dd4d20dfccad557d0feb706e07b0e0c7bcbc697188a30061",
    "https://esm.sh/v111/property-information@6.2.0/deno/property-information.js": "4ded0b8f927dd66d3eb4f996b50d2231a450f983ce1404b37f97ba959128a810",
    "https://esm.sh/v111/remark-directive-rehype@0.4.2/deno/remark-directive-rehype.js": "28d71b0158f9e6fa230c315c5804be8050223eef9385910e08db9e3c65295970",
    "https://esm.sh/v111/remark-directive-rehype@0.4.2/dist/index.d.ts": "ff2db56e87a2d2982972fcd423eb28784ff8bc643d404bee33aa39f5328d88ca",
    "https://esm.sh/v111/remark-directive@2.0.1/deno/remark-directive.js": "729e487c1a0a67aa6c544456dd8d1918e2817c7ca12cbb5b19ed163b95cfe939",
    "https://esm.sh/v111/remark-directive@2.0.1/index.d.ts": "370e07f529f95dc4af9e6e996a254d6717242f845d444344b68ef1b5c79e9618",
    "https://esm.sh/v111/remark-gfm@3.0.1/deno/remark-gfm.js": "815152958bab29416535adb37f2137b8a9dae134389fc3951cd837b3c6d576ee",
    "https://esm.sh/v111/remark-gfm@3.0.1/index.d.ts": "f42f853e70a0f0a7ebfe7e416d51cf286c4741786e668910865ceb0ec4e392ab",
    "https://esm.sh/v111/space-separated-tokens@2.0.2/deno/space-separated-tokens.js": "1107a4be51a2095d72009ec11725e381f8564b0e8c8d43b2f5cc98416800ba92",
    "https://esm.sh/v111/stringify-entities@4.0.3/deno/stringify-entities.js": "2c786201324a84e84183e18aa7380cccef886a8b7bbe804b45500a853accb4e7",
    "https://esm.sh/v111/unified@10.1.2/index.d.ts": "daf89f53369adc3d70b17a2834dac1c06475766e1a21484f95fe075dbdb2f168",
    "https://esm.sh/v111/unist-util-is@5.2.1/deno/unist-util-is.js": "70abb7121297b2a455f7d8a13c4b3c1728371a2867c5f70cb3a2ca1522ddec1e",
    "https://esm.sh/v111/unist-util-map@3.1.3/deno/unist-util-map.js": "9920c6f0adf7a058aecb2900b9de4873e9d3df604bfff45022a1e670f257309d",
    "https://esm.sh/v111/unist-util-visit-parents@5.1.3/deno/unist-util-visit-parents.js": "a77595c482e54ca2b7cf355c4784eddc39f08de4fb98cef44b09cebf76fc98ad",
    "https://esm.sh/v111/vfile-message@3.1.4/index.d.ts": "79703e40043f1870bb6e562148308ec6681d033c18a6290f795af9fe04d6b20d",
    "https://esm.sh/v111/vfile-message@3.1.4/lib/index.d.ts": "0fc7d529039b199240ef7ceac5b0f77f96cbb195abeb8e99228792e9f168cd98",
    "https://esm.sh/v111/vfile@5.3.7/index.d.ts": "3b3c84057d743497bfe6b543700f14e84841cf563240e759b584ca6afc54a4fb",
    "https://esm.sh/v111/vfile@5.3.7/lib/index.d.ts": "e2c2e22efcde8f93202f79008b204291cf92f5dfd4ed6b0721840caadf4e8ddf",
    "https://esm.sh/v111/vfile@5.3.7/lib/minurl.shared.d.ts": "8fa1868ab5af3818ff4746f383ea84206596e284f7dc5ffd40a0fac08ed093f9",
    "https://esm.sh/v113/@types/hast@2.3.4/index.d.ts": "18b7cd0b6979fb0f5b627abe5f8b5de38e2dbda249a3e2c8882726bda5890e1f",
    "https://esm.sh/v113/@types/mdast@3.0.11/index.d.ts": "5172981541a057264bfd504b0dcda685ce31cafab3a7814dd26a36fafad1e7be",
    "https://esm.sh/v113/@types/unist@2.0.6/index.d.ts": "cddf5c26907c0b8378bc05543161c11637b830da9fadf59e02a11e675d11e180",
    "https://esm.sh/v113/bail@2.0.2/deno/bail.mjs": "897b5be388f775e3a5a9f36d3ed7c38de32cd9f991994a7a00cabd6884d58ff8",
    "https://esm.sh/v113/character-entities@2.0.2/deno/character-entities.mjs": "ca3579205b267c92e2b886e2955be80c859b0076015f115ecbaaa353c035fd62",
    "https://esm.sh/v113/decode-named-character-reference@1.0.2/deno/decode-named-character-reference.mjs": "f358430e3e911800ca1cb4c99e97969d04f787889203b394c165a7f1dbcc0f70",
    "https://esm.sh/v113/extend@3.0.2/deno/extend.mjs": "327e52749bd169097e39ea36f62c93711ece894956d09f83870d17506dbd7327",
    "https://esm.sh/v113/is-buffer@2.0.5/deno/is-buffer.mjs": "1cfa15d2355bf7ecab10bcc91bf9b0436cc720f1fdc11cf9a427edcd9410c204",
    "https://esm.sh/v113/is-plain-obj@4.1.0/deno/is-plain-obj.mjs": "477c367ad06d54a6539fb11b2d888a605a203700776633c31ea7c6363c04b50e",
    "https://esm.sh/v113/mdast-util-definitions@5.1.2/deno/mdast-util-definitions.mjs": "26fbc7b0da9e6313f1678e44249baa71aee53fd6f7be8c3ec7d445c1f199cdc8",
    "https://esm.sh/v113/mdast-util-from-markdown@1.3.0/deno/mdast-util-from-markdown.mjs": "ef7e3f88aa5b17c639b279962ae9c63bb40d77b09881319175e1bf0c3b42d0b6",
    "https://esm.sh/v113/mdast-util-from-markdown@1.3.0/index.d.ts": "af7076b2fee9a614d9a967f635907612358dbbdc5c0b1ea4b4aa43f4630cff2f",
    "https://esm.sh/v113/mdast-util-from-markdown@1.3.0/lib/index.d.ts": "ff71ef027fc5f7aa75d2517bf55197496d02f96629ce1bf9e154017855de0189",
    "https://esm.sh/v113/mdast-util-to-hast@12.3.0/deno/mdast-util-to-hast.mjs": "6e098af5d1470b3bca42a51b0ce23ec25a0ce15b8be4d15b45ec2aa5e1f5b920",
    "https://esm.sh/v113/mdast-util-to-hast@12.3.0/index.d.ts": "f9133de6abd4e16903f95bb499be86f9129e4fafbd204330a34d8ab19a0f676e",
    "https://esm.sh/v113/mdast-util-to-hast@12.3.0/lib/handlers/blockquote.d.ts": "cc630766462a932aeab76e87c5c0f930a54fc57654d4f0dc8704ef5387b33dc2",
    "https://esm.sh/v113/mdast-util-to-hast@12.3.0/lib/handlers/break.d.ts": "40d561daecc231099e74dac4bbd27cba3ea48db835a6c0ef4b135d9b11305c81",
    "https://esm.sh/v113/mdast-util-to-hast@12.3.0/lib/handlers/code.d.ts": "c9910f9f40c91daceea563de0af65784c1df135e864f5bb8c9a98794498d0db4",
    "https://esm.sh/v113/mdast-util-to-hast@12.3.0/lib/handlers/delete.d.ts": "da07fdc294c6c16b4643683a28b2196928033c4f5210f9309fa887d9072ea539",
    "https://esm.sh/v113/mdast-util-to-hast@12.3.0/lib/handlers/emphasis.d.ts": "93a4450c5c26a7a0eacbc386ba8e18d62a1f59ede19703081fc3a9762b5589dd",
    "https://esm.sh/v113/mdast-util-to-hast@12.3.0/lib/handlers/footnote-reference.d.ts": "28f0ffb9847e219c2c05d864e5348a6037b53918c15565636e3a6ee15feee9c7",
    "https://esm.sh/v113/mdast-util-to-hast@12.3.0/lib/handlers/footnote.d.ts": "099409f3e11a5a0dc79e83decb2073f022f023230fad338493032fa488eed8fe",
    "https://esm.sh/v113/mdast-util-to-hast@12.3.0/lib/handlers/heading.d.ts": "755bb52739f044ad1e990b39e86dd47e2ea192e9fa5090005ad863d5758e7f94",
    "https://esm.sh/v113/mdast-util-to-hast@12.3.0/lib/handlers/html.d.ts": "d2328c18c012f97ef6a68e464ffbbaa681998de605ffc4bbd5def03ae25aab35",
    "https://esm.sh/v113/mdast-util-to-hast@12.3.0/lib/handlers/image-reference.d.ts": "7e0f43e911211341369299025e714ad22f26f1660309085eb7183438c79b5c26",
    "https://esm.sh/v113/mdast-util-to-hast@12.3.0/lib/handlers/image.d.ts": "93a97d6b380a33d3c3350267224bd8a409802d747eab2e8c2522b3203d0075d2",
    "https://esm.sh/v113/mdast-util-to-hast@12.3.0/lib/handlers/index.d.ts": "9c51cffe4cbf5ea52e4dd02d6d0cbf72c045b7abb0e2ef750aa598887e8a3df4",
    "https://esm.sh/v113/mdast-util-to-hast@12.3.0/lib/handlers/inline-code.d.ts": "2ba5a03ee399740ed552a6d51e89195c8d09c33bc1743edd66a86743c77c41ac",
    "https://esm.sh/v113/mdast-util-to-hast@12.3.0/lib/handlers/link-reference.d.ts": "5ce5d8c0e05da5772bd4dff7be7a93d38b02800c6b96fcf7e5f73a235ca9519f",
    "https://esm.sh/v113/mdast-util-to-hast@12.3.0/lib/handlers/link.d.ts": "0d528e195638f6a8fa13491faed8dc1abaf99c31d2d3b62c21fd42da97a55f38",
    "https://esm.sh/v113/mdast-util-to-hast@12.3.0/lib/handlers/list-item.d.ts": "ede306767d9cdb2baa1ba81bbefa18c2ddbff7b2721893acb3766a39eac2f8dc",
    "https://esm.sh/v113/mdast-util-to-hast@12.3.0/lib/handlers/list.d.ts": "687d8717b56a444865a2329b82dff4f012f51a1fdb88246bbbb476088c328049",
    "https://esm.sh/v113/mdast-util-to-hast@12.3.0/lib/handlers/paragraph.d.ts": "0a078a286e91d2a9e28a2f85d3cce1874ad6eb2820fa64838e53cfcc657328f3",
    "https://esm.sh/v113/mdast-util-to-hast@12.3.0/lib/handlers/root.d.ts": "9769366a8ebeb00c1b45f636002eefa336dc8edb415846ba426a052d53463217",
    "https://esm.sh/v113/mdast-util-to-hast@12.3.0/lib/handlers/strong.d.ts": "f111becbd4cf570a8d52ef43cfd6d810dc4d5c9df22c510414430235e03b328e",
    "https://esm.sh/v113/mdast-util-to-hast@12.3.0/lib/handlers/table-cell.d.ts": "b66f3caa19bbd66872e67c450cafd07cccb93f5c0ede5bd58e14f61964d557e4",
    "https://esm.sh/v113/mdast-util-to-hast@12.3.0/lib/handlers/table-row.d.ts": "3802d247e72a906ac3d8473d51f388ea9fcd7d2848b38702e94ce52230c8772c",
    "https://esm.sh/v113/mdast-util-to-hast@12.3.0/lib/handlers/table.d.ts": "4d73bcc173486ea5847eaaa80f4cf05b4bbcfa774988218e680a6bab159c2a32",
    "https://esm.sh/v113/mdast-util-to-hast@12.3.0/lib/handlers/text.d.ts": "6c65f08043c5fb5c5579508a5623f935d3530f9ffde4b07d579d7c28f45867b1",
    "https://esm.sh/v113/mdast-util-to-hast@12.3.0/lib/handlers/thematic-break.d.ts": "c95b985aa624f10130efe2ecd19b0dd072f67a0554c7732399a42f702c8afecb",
    "https://esm.sh/v113/mdast-util-to-hast@12.3.0/lib/index.d.ts": "d19dd27464120c0298c0a609d324063fbeccb3cb8df8aec3d4a233eea1b741d5",
    "https://esm.sh/v113/mdast-util-to-hast@12.3.0/lib/state.d.ts": "ad09d445bbc5be3ba509705622a8487efab3f601e9fa5acf109a1eb70299f572",
    "https://esm.sh/v113/mdast-util-to-string@3.1.1/deno/mdast-util-to-string.mjs": "81e0eaa23929e7dc11d422ad6ca2236190e2d1453c4638ce9b6757f9c5d9dae8",
    "https://esm.sh/v113/micromark-core-commonmark@1.0.6/deno/micromark-core-commonmark.mjs": "48951746af5cd700a80aa5c9e8ff5f3edff4ab1aa38c36b5504398863a2b8672",
    "https://esm.sh/v113/micromark-factory-destination@1.0.0/deno/micromark-factory-destination.mjs": "17fadc3162158c048dc39faa2b23ef9d6444c74da6271cc43960190e32467a6a",
    "https://esm.sh/v113/micromark-factory-label@1.0.2/deno/micromark-factory-label.mjs": "cac55f170e44fa94ce14784656bc338bffcff739f2f3af9393735429e740a9e4",
    "https://esm.sh/v113/micromark-factory-space@1.0.0/deno/micromark-factory-space.mjs": "7832f66367bfa7aad79af88c8c3fa04cedcea4705ffc56a03eb044ba364818a8",
    "https://esm.sh/v113/micromark-factory-title@1.0.2/deno/micromark-factory-title.mjs": "86d1dd6579d64c1dff81ff74a3272e35b9c430e8eeeb91993c1fa3ef82ef4d9e",
    "https://esm.sh/v113/micromark-factory-whitespace@1.0.0/deno/micromark-factory-whitespace.mjs": "ee747e03bc1959e85e724b99ea9301137078be7e9bbf2f3b03301e967c9cde97",
    "https://esm.sh/v113/micromark-util-character@1.1.0/deno/micromark-util-character.mjs": "0d63c1f80ea1101703b1411ebf23c287fa871256cf7d2d0f8195d619d2fc8907",
    "https://esm.sh/v113/micromark-util-chunked@1.0.0/deno/micromark-util-chunked.mjs": "76149463ad9b617b5447ebdb213f58db94763de86fcdb3dc91c73f546ec39fa0",
    "https://esm.sh/v113/micromark-util-classify-character@1.0.0/deno/micromark-util-classify-character.mjs": "e82ef2b8bd29c2658f879425a796eb9d88dc1cdc0afdc492a0cd455d91b4acff",
    "https://esm.sh/v113/micromark-util-combine-extensions@1.0.0/deno/micromark-util-combine-extensions.mjs": "339fd813b28434036798a48671fa5633b75112d995ce4a43be9ba48b81135ab1",
    "https://esm.sh/v113/micromark-util-decode-numeric-character-reference@1.0.0/deno/micromark-util-decode-numeric-character-reference.mjs": "18b33d07491cb035c2e27a65027f2b31036d9ab0f152197a3eb71d9cdd880334",
    "https://esm.sh/v113/micromark-util-decode-string@1.0.2/deno/micromark-util-decode-string.mjs": "0ae53b67af55c895181aaa8cd5ce9cd8d932248fbc9839f707f9f01f0c6cf632",
    "https://esm.sh/v113/micromark-util-encode@1.0.1/deno/micromark-util-encode.mjs": "6731a4e0bbd8fe3dc5431b7b2f1465a57a876d877688995ea10b9138a811bc19",
    "https://esm.sh/v113/micromark-util-html-tag-name@1.1.0/deno/micromark-util-html-tag-name.mjs": "091ddd5450961a4f04b20c6bc7c0d16cc20b8a0053c7173f678da5119f2bf5b0",
    "https://esm.sh/v113/micromark-util-normalize-identifier@1.0.0/deno/micromark-util-normalize-identifier.mjs": "fd29611d0a21c79431f1a9872f7a4882a2c7fea391f634156ae8ffe9e925a4ac",
    "https://esm.sh/v113/micromark-util-resolve-all@1.0.0/deno/micromark-util-resolve-all.mjs": "8f4fa1ce2a0ed3214fccf56b8587622a2c5324f610d60236ef3b9f6b71bad6ac",
    "https://esm.sh/v113/micromark-util-sanitize-uri@1.1.0/deno/micromark-util-sanitize-uri.mjs": "c2db38c9d96baace2dfd8517a6b0540b89cf864355a95bb8b550fd1164428a95",
    "https://esm.sh/v113/micromark-util-subtokenize@1.0.2/deno/micromark-util-subtokenize.mjs": "f63f18535eabb439a84c12d16d18c500bb5c15582064031b397492795644fc48",
    "https://esm.sh/v113/micromark-util-types@1.0.2/index.d.ts": "cce0134a9da5d93b08f4da07a18ca5bcb8f595216783bca8572182a928f0f03b",
    "https://esm.sh/v113/micromark@3.1.0/deno/lib/parse.js.js": "735fdc2ca2b6ffc63b78d438dfc966f6cb4b437fd58c927a40291a2444ba8672",
    "https://esm.sh/v113/micromark@3.1.0/deno/lib/postprocess.js.js": "cbe7305b38a691c606bb005a870f8b6bfee046068f30bb6033140240c6661b99",
    "https://esm.sh/v113/micromark@3.1.0/deno/lib/preprocess.js.js": "5482d99884f83a064e84452d6b5478179d3b864b0f1f9e020265ca10d4994933",
    "https://esm.sh/v113/preact-render-to-string@5.2.6/deno/preact-render-to-string.mjs": "f94f01eb0b32d9a6093a0f56f0bcbcb91200a6a54f0927ffeb3a6bb0966c3db4",
    "https://esm.sh/v113/preact-render-to-string@5.2.6/src/index.d.ts": "05c2167eea0ed4bfcd8d20df9c50f827ecc09212e6d5a7f2d84fb96cd006a808",
    "https://esm.sh/v113/preact@10.13.2": "5ebf0838bbc3c32fc6e78a4cd9dd672f2c36386d0595815d721a6b0941278488",
    "https://esm.sh/v113/preact@10.13.2/jsx-runtime/src/index.d.ts": "e153460ed2b3fe2ad8b93696ecd48fbf73cd628b0b0ea6692b71804a3af69dfd",
    "https://esm.sh/v113/preact@10.13.2/src/index.d.ts": "65398710de6aa0a07412da79784e05e6e96763f51c7c91b77344d2d0af06385c",
    "https://esm.sh/v113/preact@10.13.2/src/jsx.d.ts": "9ac9b82c199fa7b04748807d750eba1a106c0be52041b8617416f88d6fc0a257",
    "https://esm.sh/v113/remark-parse@10.0.1/deno/remark-parse.mjs": "b933787c3dddc753bbbfae776b82f329528db485e1d59b4ec7103602e0a1507e",
    "https://esm.sh/v113/remark-parse@10.0.1/index.d.ts": "6ffedfb8496a39f9fbc9d3dbd020b63e8fcefb920f4267eec1d358ff07993664",
    "https://esm.sh/v113/remark-parse@10.0.1/lib/index.d.ts": "3ffc10bbdf5b01c8a43b5fbd6852c0331af61c883e7e0397628e600db2dca04e",
    "https://esm.sh/v113/remark-rehype@10.1.0/deno/remark-rehype.mjs": "3a60d3ed295dde04544cd4b1306503061df7ea8b00740df907723bf51035c996",
    "https://esm.sh/v113/remark-rehype@10.1.0/index.d.ts": "a2c302d3acde057e8b4285fb7383d12dac2c33da05e8759a25bd8da4086dc08f",
    "https://esm.sh/v113/remark-rehype@10.1.0/lib/index.d.ts": "9bac0264365d21d4e48abe46fc54b213de3a22914d34c9366659a360a44173ee",
    "https://esm.sh/v113/trim-lines@3.0.1/deno/trim-lines.mjs": "09f87734682bac59fec1a842e07684a00d2434059ca1b9fbdccb250051de0187",
    "https://esm.sh/v113/trough@2.1.0/deno/trough.mjs": "622717382f255e401bc7659112f4e34b50ba30bce47bb8d68674383dfceddf36",
    "https://esm.sh/v113/unified@10.1.2/deno/unified.mjs": "4025209a830ea6231c14d9517740419cacfc7cd749b4ede53c6e1795495dff1f",
    "https://esm.sh/v113/unified@10.1.2/index.d.ts": "68313ccfc6d3bda8b3691cbce851a211170d69797da8056cb44f0d1c59ba9fa6",
    "https://esm.sh/v113/unist-util-generated@2.0.1/deno/unist-util-generated.mjs": "e39ccfbc354a97b2fc3ce20bb5d20e69f179728a3a28ca866269b469f9605836",
    "https://esm.sh/v113/unist-util-is@5.2.1/deno/unist-util-is.mjs": "9e5ff6711ab13bdae9662dbc8d5385ad2beceb8a3970b56c77797a4e955ed6f6",
    "https://esm.sh/v113/unist-util-position@4.0.4/deno/unist-util-position.mjs": "276baf692b5f06e497f5ada09b7d52260bd9636410c171b54dab44f9a2a55688",
    "https://esm.sh/v113/unist-util-stringify-position@3.0.3/deno/unist-util-stringify-position.mjs": "fe173ba47eaa3af5f89a00b2b7a326bb39a14dfeacff071062a876bf41894446",
    "https://esm.sh/v113/unist-util-visit-parents@5.1.3/deno/unist-util-visit-parents.mjs": "0ea5f067438dbf692fec27ea97455a919235164e95978848d4d57372a1c6295e",
    "https://esm.sh/v113/unist-util-visit@4.1.2/deno/unist-util-visit.mjs": "432f2b5b3bda02552d1cc924474f7072f648406b5c352b84754b73e0b8d12656",
    "https://esm.sh/v113/vfile-message@3.1.4/deno/vfile-message.mjs": "5f78b7ffce8c7e7f58fbf67e4b6e90a6bb01bf55cab02e2cb0542b2117ef48b7",
    "https://esm.sh/v113/vfile-message@3.1.4/index.d.ts": "79703e40043f1870bb6e562148308ec6681d033c18a6290f795af9fe04d6b20d",
    "https://esm.sh/v113/vfile-message@3.1.4/lib/index.d.ts": "75df8478ab2a2a2895b54df8f692749420a059e7c702db1757d6e30b1272f6c9",
    "https://esm.sh/v113/vfile@5.3.7/deno/vfile.mjs": "1a08a8bfeb16726c80c6325be8c9fb2963329353ab2996e74a0c477d449024a5",
    "https://esm.sh/v113/vfile@5.3.7/index.d.ts": "3b3c84057d743497bfe6b543700f14e84841cf563240e759b584ca6afc54a4fb",
    "https://esm.sh/v113/vfile@5.3.7/lib/index.d.ts": "1008e26f65dcb7ce89fd20640e611de5623431960db2335553d6cc1388f3fae5",
    "https://esm.sh/v113/vfile@5.3.7/lib/minurl.shared.d.ts": "8fa1868ab5af3818ff4746f383ea84206596e284f7dc5ffd40a0fac08ed093f9"
  }
}
