{
  "version": "2",
  "remote": {
    "https://deno.land/std@0.182.0/fmt/colors.ts": "d67e3cd9f472535241a8e410d33423980bec45047e343577554d3356e1f0ef4e",
    "https://deno.land/std@0.182.0/testing/_diff.ts": "1a3c044aedf77647d6cac86b798c6417603361b66b54c53331b312caeb447aea",
    "https://deno.land/std@0.182.0/testing/_format.ts": "a69126e8a469009adf4cf2a50af889aca364c349797e63174884a52ff75cf4c7",
    "https://deno.land/std@0.182.0/testing/asserts.ts": "e16d98b4d73ffc4ed498d717307a12500ae4f2cbe668f1a215632d19fcffc22f",
    "https://esm.sh/hast-util-to-jsx-runtime@1.2.0": "16f96b690cba4e047402a88897b31071a38bbfade14fc1e72aa8935d1baa2bd2",
    "https://esm.sh/mdast-util-directive@2.2.4": "e2da8584805921a57154be875c9f9cec6a87ebc7dd016ba236d9dc61d0772595",
    "https://esm.sh/mdast-util-from-markdown@1.3.0": "75e7447262cac895c26fd9a94b83171fbc00153f5df79d59697af7385183466c",
    "https://esm.sh/mdast-util-gfm@2.0.2": "754054ee1d8f4a38f4d5dfa766bdaa1851aff0720f5ae3034edb37456bb33d2e",
    "https://esm.sh/mdast-util-to-hast@12.2.6": "7c7e7e5abf53f3d75a7cbc2fc4200f6a15b5fe11cfbc47b4e3a75e78b7e51f27",
    "https://esm.sh/micromark-extension-directive@2.2.0": "80e8d9c347f33ca7c4f16bacad8ac4de1fa0eac5611b1df03e18d10464064e33",
    "https://esm.sh/micromark-extension-gfm@2.0.1": "0d1cfa718ed8f05843229d5832e74716e811e401997a6a5eaf062e14ce88ace3",
    "https://esm.sh/preact-render-to-string@5.2.6": "7afd5ec5e8dce2325ad98c7d258bb443920024cae1b4a38fa4c3b3384c3af733",
    "https://esm.sh/preact@10.13.2/jsx-runtime": "210358188111aff4c83f9bcba94304819b89e565d07430c5655d0ac720f22f03",
    "https://esm.sh/stable/preact@10.13.1/deno/preact.mjs": "9b73545225d0ed274c89f39aee524a2857c81a73060e80c2c4bdc2a6de7bec26",
    "https://esm.sh/stable/preact@10.13.2/deno/jsx-runtime.js": "dd40c5bdfe7b277bf51009fb950c550dfb554b6d56a1b3a4cb9bc12bde84bcd1",
    "https://esm.sh/stable/preact@10.13.2/deno/preact.mjs": "365fab897381f4f403f859c5d12939084560545567108cc90dae901bbe892578",
    "https://esm.sh/unist-util-map@3.1.3": "0b12a8afde2ea3c33c0dce690580d7e4af378b6f9eebf483e1ce8bf9a4a4e26b",
    "https://esm.sh/unist-util-visit@4.1.2": "5521ed53b8c6367ac1d472781f6d9a079d3e4faeb69e1e01d5d12c23668dd528",
    "https://esm.sh/v111/character-entities@2.0.2/deno/character-entities.js": "e12f560609a85d117b707c575355600c1dae09d78cf9a7d725ffc302e170a0b7",
    "https://esm.sh/v111/decode-named-character-reference@1.0.2/deno/decode-named-character-reference.js": "9da312ffdc4f47be2c27daefebe33f22909e7642d15a3b4a6865876ee5fabe23",
    "https://esm.sh/v111/micromark-core-commonmark@1.0.6/deno/micromark-core-commonmark.js": "d50b0eea95d433b3836bee0fee4892bbb28eaae307251ee8481ae188e1263128",
    "https://esm.sh/v111/micromark-extension-gfm-autolink-literal@1.0.3/deno/micromark-extension-gfm-autolink-literal.js": "26f6642b784602be90d9a1afa0885f9e690d6d4bff3ffe0f1ec5c916ddf996e9",
    "https://esm.sh/v111/micromark-extension-gfm-footnote@1.0.4/deno/micromark-extension-gfm-footnote.js": "c3017eb062cf357d68a0a3514896980805e9dff20f91e0ea221d2d1b2acd1af1",
    "https://esm.sh/v111/micromark-extension-gfm-footnote@1.0.4/index.d.ts": "cdf83836c7a37aabb08751b596248d7c0e02ed155d72a1939b9db112196c6476",
    "https://esm.sh/v111/micromark-extension-gfm-footnote@1.0.4/lib/html.d.ts": "380f8fdff496bbebc68a125be7452fa6e30f1a622bde826f8aae8acdafb05321",
    "https://esm.sh/v111/micromark-extension-gfm-footnote@1.0.4/lib/syntax.d.ts": "39efab196ca5e0bb3df5880c7350d6280c021d61fc8a8fc088c923cc1928ee61",
    "https://esm.sh/v111/micromark-extension-gfm-strikethrough@1.0.4/deno/micromark-extension-gfm-strikethrough.js": "d89e05c08750ed9a3d596329b15cf4a2e080c3b63f2a8a24a2ce31291151eb1f",
    "https://esm.sh/v111/micromark-extension-gfm-strikethrough@1.0.4/index.d.ts": "af9ef81e4a775c469cbd104f987c740531fe7bf1f8287591c1769232a3751b09",
    "https://esm.sh/v111/micromark-extension-gfm-strikethrough@1.0.4/lib/html.d.ts": "4a2ce521a38602779588991b5e9fd126d748057b66ff33bee2cf8e60d57b502a",
    "https://esm.sh/v111/micromark-extension-gfm-strikethrough@1.0.4/lib/syntax.d.ts": "0970c24d6d632501ea68b8cf08e0f2ff2f522b1e1c7f3eea189f9583171a9b71",
    "https://esm.sh/v111/micromark-extension-gfm-table@1.0.5/deno/micromark-extension-gfm-table.js": "b00f99a1b93de9a4fb86a47659123b0dd8b65972c7168bc04ea2d1fc3e35cd84",
    "https://esm.sh/v111/micromark-extension-gfm-tagfilter@1.0.1/deno/micromark-extension-gfm-tagfilter.js": "d4486997d7f95ce1e10883ce45bec091e9f1a68937090a45a9a3e0ba00482eb3",
    "https://esm.sh/v111/micromark-extension-gfm-task-list-item@1.0.3/deno/micromark-extension-gfm-task-list-item.js": "be7b09e1958b5891f8952f3689f63ed94b1da02f4dedf9919b33a7a4e25117cf",
    "https://esm.sh/v111/micromark-extension-gfm@2.0.1/deno/micromark-extension-gfm.js": "75abe49b1ed039263439e0b977c12b81f9218d9fc65952c88a194b0061f01543",
    "https://esm.sh/v111/micromark-extension-gfm@2.0.1/index.d.ts": "9f14de393dfd22ac0497257e7e34058e9a80586546da3d87c417e7b39f3da60c",
    "https://esm.sh/v111/micromark-factory-destination@1.0.0/deno/micromark-factory-destination.js": "c5bd016efa728e545f4165395a9aaf7152045e9f173291029b5c241382510ce6",
    "https://esm.sh/v111/micromark-factory-label@1.0.2/deno/micromark-factory-label.js": "a708f24b03261711193dd84e7c4b38c4399bf8be641c9f60424b2f9b75862bbe",
    "https://esm.sh/v111/micromark-factory-space@1.0.0/deno/micromark-factory-space.js": "01452d934e54d23e681908092d285e5eb712442da7cca2c088a0a747e380691e",
    "https://esm.sh/v111/micromark-factory-title@1.0.2/deno/micromark-factory-title.js": "ab65f93315ca49aee636186c00b820616b38fd56622852149c71523a72856d08",
    "https://esm.sh/v111/micromark-factory-whitespace@1.0.0/deno/micromark-factory-whitespace.js": "c03ca657287ef621c21c99ae666665aa5394f2f75a293ceb15afb4989c3c5813",
    "https://esm.sh/v111/micromark-util-character@1.1.0/deno/micromark-util-character.js": "2d87a7db4f062f29b4f7d4cfa281326397e82e9fd3fc60a6406c71a076445c33",
    "https://esm.sh/v111/micromark-util-chunked@1.0.0/deno/micromark-util-chunked.js": "91a506e15f46497fd39d32a2f4d18d420ad962060b73f4935086b14d05620dd8",
    "https://esm.sh/v111/micromark-util-classify-character@1.0.0/deno/micromark-util-classify-character.js": "055d9d2ef907f3e64db6171a590c972f9078e7dc37035f95b0f63287fcc3ce8c",
    "https://esm.sh/v111/micromark-util-combine-extensions@1.0.0/deno/micromark-util-combine-extensions.js": "1428d04798d9c63240c93dfd8c8edac379f2a7ce5f162c63172f18ce7d75ea34",
    "https://esm.sh/v111/micromark-util-encode@1.0.1/deno/micromark-util-encode.js": "4142a2a25ab273c32cde772df52ecd1d1e93cae2f5797d65a7ef8d7817b02fc8",
    "https://esm.sh/v111/micromark-util-html-tag-name@1.1.0/deno/micromark-util-html-tag-name.js": "a4c3036fd43470cd98bf6bb4c98aafa1f8d2ba3f934f9c5bfdd6cb91a9edff78",
    "https://esm.sh/v111/micromark-util-normalize-identifier@1.0.0/deno/micromark-util-normalize-identifier.js": "c4f523562bce27247f03b79293bd5cf61db52cd353768ed249faff12dfa5a8a5",
    "https://esm.sh/v111/micromark-util-resolve-all@1.0.0/deno/micromark-util-resolve-all.js": "6a9bcd575bbe1bcbfd9553ffc08912256bcae6cf9843b18378523615a44a9306",
    "https://esm.sh/v111/micromark-util-sanitize-uri@1.1.0/deno/micromark-util-sanitize-uri.js": "03b0ebdc8688c4293a55df56415e0c02b79e27d0f38fa8c4bbd430f6cba942ca",
    "https://esm.sh/v111/micromark-util-subtokenize@1.0.2/deno/micromark-util-subtokenize.js": "c1910e4307a69fb2b0960a594300a7e72ff047b43101ebf42297d8c65f3bc31e",
    "https://esm.sh/v111/micromark-util-types@1.0.2/index.d.ts": "cce0134a9da5d93b08f4da07a18ca5bcb8f595216783bca8572182a928f0f03b",
    "https://esm.sh/v113/@types/unist@2.0.6/index.d.ts": "cddf5c26907c0b8378bc05543161c11637b830da9fadf59e02a11e675d11e180",
    "https://esm.sh/v113/preact-render-to-string@5.2.6/deno/preact-render-to-string.mjs": "f94f01eb0b32d9a6093a0f56f0bcbcb91200a6a54f0927ffeb3a6bb0966c3db4",
    "https://esm.sh/v113/preact-render-to-string@5.2.6/src/index.d.ts": "05c2167eea0ed4bfcd8d20df9c50f827ecc09212e6d5a7f2d84fb96cd006a808",
    "https://esm.sh/v113/preact@10.13.2/jsx-runtime/src/index.d.ts": "e153460ed2b3fe2ad8b93696ecd48fbf73cd628b0b0ea6692b71804a3af69dfd",
    "https://esm.sh/v113/preact@10.13.2/src/index.d.ts": "65398710de6aa0a07412da79784e05e6e96763f51c7c91b77344d2d0af06385c",
    "https://esm.sh/v113/preact@10.13.2/src/jsx.d.ts": "9ac9b82c199fa7b04748807d750eba1a106c0be52041b8617416f88d6fc0a257",
    "https://esm.sh/v113/unist-util-is@5.2.1/deno/unist-util-is.mjs": "9e5ff6711ab13bdae9662dbc8d5385ad2beceb8a3970b56c77797a4e955ed6f6",
    "https://esm.sh/v113/unist-util-is@5.2.1/index.d.ts": "5863d9669bde629926fe68a3cdf2aef634b36f7c85f79a0022d2ff1ba5ae08e0",
    "https://esm.sh/v113/unist-util-is@5.2.1/lib/index.d.ts": "23c0dc24a15ea44debe3f406ac6cd58dee58703f79391f75b4d96e65838e1515",
    "https://esm.sh/v113/unist-util-visit-parents@5.1.3/complex-types.d.ts": "6700cf87a86ca07144bd4ee6ea4fbe42aba3a1922ed3840b2ca3f4718a4795eb",
    "https://esm.sh/v113/unist-util-visit-parents@5.1.3/deno/unist-util-visit-parents.mjs": "0ea5f067438dbf692fec27ea97455a919235164e95978848d4d57372a1c6295e",
    "https://esm.sh/v113/unist-util-visit-parents@5.1.3/index.d.ts": "c7de3452541533c7f94284d94772e79e199f17db8a4c857defe3e45db6fb4b30",
    "https://esm.sh/v113/unist-util-visit-parents@5.1.3/lib/complex-types.d.ts": "83a93a451ad1cef17c2d5b083429676ac101a94e7672b25494012ca24bb66544",
    "https://esm.sh/v113/unist-util-visit-parents@5.1.3/lib/index.d.ts": "9888b775ff1fdb12b86919c901e56008470c9c2ca930a665f92ed6b4c6bca3e5",
    "https://esm.sh/v113/unist-util-visit@4.1.2/deno/unist-util-visit.mjs": "432f2b5b3bda02552d1cc924474f7072f648406b5c352b84754b73e0b8d12656",
    "https://esm.sh/v113/unist-util-visit@4.1.2/index.d.ts": "202284a82191784a86924692a73957b4948392ed867c57fce39b3a852737eff4",
    "https://esm.sh/v113/unist-util-visit@4.1.2/lib/index.d.ts": "fadb991ee306f719eb1ac2fabf836c7db68d35ffd1903cd06b5995e63f416677",
    "https://esm.sh/v114/@types/hast@2.3.4/index.d.ts": "9815e8820f0e2bb73e585874a6e6050b975bd23ebd00b9a5fa278ba45a21e7a5",
    "https://esm.sh/v114/@types/mdast@3.0.11/index.d.ts": "c10cfa2adae0f71edb0a4fcd7612176ac6c9357bd2658d2b3078d99d455805e0",
    "https://esm.sh/v114/@types/unist@2.0.6/index.d.ts": "cddf5c26907c0b8378bc05543161c11637b830da9fadf59e02a11e675d11e180",
    "https://esm.sh/v114/ccount@2.0.1/deno/ccount.mjs": "21d207b2b00ceb2383dc6a37ce2a7e2a6db2759407e2250781f467e5126a7b4f",
    "https://esm.sh/v114/character-entities-html4@2.1.0/deno/character-entities-html4.mjs": "7c350ef69b23b17aa625d7d60a08c12acbdd4b9b76aaf43963c108dbd3a4d318",
    "https://esm.sh/v114/character-entities-legacy@3.0.0/deno/character-entities-legacy.mjs": "97477907842be56209f2b831f2ad730966ad7a5501698614e0dd46ab1261bcbf",
    "https://esm.sh/v114/character-entities@2.0.2/deno/character-entities.mjs": "ca3579205b267c92e2b886e2955be80c859b0076015f115ecbaaa353c035fd62",
    "https://esm.sh/v114/character-reference-invalid@2.0.1/deno/character-reference-invalid.mjs": "d85b23ae408d6555a13cc7a636ff4b559caadf5f9e503b578627716c7036c23f",
    "https://esm.sh/v114/comma-separated-tokens@2.0.3/deno/comma-separated-tokens.mjs": "8ca120a71faee441809116d2718cbd277d3d9428a2bf0732f65edc7587133667",
    "https://esm.sh/v114/decode-named-character-reference@1.0.2/deno/decode-named-character-reference.mjs": "fe30b9579c0a2d3ea95188608be8efc4352d998307d1b9ffa0deb0dd2cb6dce9",
    "https://esm.sh/v114/escape-string-regexp@5.0.0/deno/escape-string-regexp.mjs": "2fff2bb22b972451b372a06cb22abde34de4bfdc0e20ec43741021e7fde4c8b5",
    "https://esm.sh/v114/hast-util-to-jsx-runtime@1.2.0/deno/hast-util-to-jsx-runtime.mjs": "4799834366e1beb718ccfb9665b87fad8ccb3f23c3c4cc7cbe9d3c81df63d8c2",
    "https://esm.sh/v114/hast-util-to-jsx-runtime@1.2.0/index.d.ts": "75c2cec42dc4bc33407f7c03465c4f557082c7080803c0deefd55a4c7a626aeb",
    "https://esm.sh/v114/hast-util-to-jsx-runtime@1.2.0/lib/components.d.ts": "57f8832859ba991102f1caf030208f3b6909b1e3385ecdcf4f5a895e4ac4e81e",
    "https://esm.sh/v114/hast-util-to-jsx-runtime@1.2.0/lib/index.d.ts": "6dd1b11cb51b4d0688c53449dc4eead415935e19c8464a09c9f293c1006c6697",
    "https://esm.sh/v114/hast-util-whitespace@2.0.1/deno/hast-util-whitespace.mjs": "fce987621a4323b318bc72b13f09ba782d4301e7433ee1d4a1e5aded60360d93",
    "https://esm.sh/v114/inline-style-parser@0.1.1/deno/inline-style-parser.mjs": "fc45c8a603317052103760bedf76e36733f60d7489c3b8fdacc6bf722ef16e30",
    "https://esm.sh/v114/is-alphabetical@2.0.1/deno/is-alphabetical.mjs": "312475792530f56b2192a1058fe0c8c272eba8ea7a0beaa4869e7ec19b76833e",
    "https://esm.sh/v114/is-alphanumerical@2.0.1/deno/is-alphanumerical.mjs": "2739bb414c26b094543e0f7bfe90834dbeba3373d98b47b2acb1018fd20bbd81",
    "https://esm.sh/v114/is-decimal@2.0.1/deno/is-decimal.mjs": "ba527e1f74eaa2115ceb4c8b7fc209c956fcfc8cdaa80870ea9f2d1c4b2983d9",
    "https://esm.sh/v114/is-hexadecimal@2.0.1/deno/is-hexadecimal.mjs": "c48181c0a8ae9f2da88e2e2fa9aed5e31d03e98d06f5a33e7618792f586293d4",
    "https://esm.sh/v114/markdown-table@3.0.3/deno/markdown-table.mjs": "da67682e0275b8779bb5835d6debec160690e097f3111d0784630ce6dead2e66",
    "https://esm.sh/v114/markdown-table@3.0.3/index.d.ts": "d6fdaeb6f1e4e29d7827e30d743dfef5cb6c8bca4bc546001a3b3e751a2de06c",
    "https://esm.sh/v114/mdast-util-definitions@5.1.2/deno/mdast-util-definitions.mjs": "ccbe238382456393d05415db6c435c3178d5ffcc10240dde7849d5473bf7dc61",
    "https://esm.sh/v114/mdast-util-directive@2.2.4/deno/mdast-util-directive.mjs": "4d18f925e5d678d71f03d308db90fddf9f58457552355b18a096515ba906e631",
    "https://esm.sh/v114/mdast-util-directive@2.2.4/index.d.ts": "56f8d5eca1da384dce13b4400cb52d27cb93959fa936d8e7564304c4640e92e1",
    "https://esm.sh/v114/mdast-util-directive@2.2.4/lib/index.d.ts": "9fbdcecf547615b8ae3a66431eee286af41572b26f4306efbcfc15b9e532bf89",
    "https://esm.sh/v114/mdast-util-find-and-replace@2.2.2/deno/mdast-util-find-and-replace.mjs": "53e0ac744a120c1dabdc4849b4a23163bb2e0bf5e6e41d690df8f3d79eaa55b1",
    "https://esm.sh/v114/mdast-util-from-markdown@1.3.0/deno/mdast-util-from-markdown.mjs": "67b5e8f7c72e99e125c65304e25d9ab5727a5bb2276372c23af8b48decfeacb6",
    "https://esm.sh/v114/mdast-util-from-markdown@1.3.0/index.d.ts": "af7076b2fee9a614d9a967f635907612358dbbdc5c0b1ea4b4aa43f4630cff2f",
    "https://esm.sh/v114/mdast-util-from-markdown@1.3.0/lib/index.d.ts": "bfbe5a11df4ac756c090f2d70089adaca897c486f80b286f799d9043c4e19c0d",
    "https://esm.sh/v114/mdast-util-gfm-autolink-literal@1.0.3/deno/mdast-util-gfm-autolink-literal.mjs": "8a9d7fe065eb581c8bcc21c71ff00a351fac672df0072fb10b22025db335d9a8",
    "https://esm.sh/v114/mdast-util-gfm-footnote@1.0.2/deno/mdast-util-gfm-footnote.mjs": "9e05ffa00d0b92452e114684785d26b700d8f41806f080d31ae73ab1e88703db",
    "https://esm.sh/v114/mdast-util-gfm-strikethrough@1.0.3/deno/mdast-util-gfm-strikethrough.mjs": "9e66db0a0274a8c6e72d9036b6bc34f3e7dda40235682e4c07347c885d89ec8e",
    "https://esm.sh/v114/mdast-util-gfm-table@1.0.7/deno/mdast-util-gfm-table.mjs": "f80dc96399d28da3c60b3d21fe22f198247da084cbb36967474abc50055a9257",
    "https://esm.sh/v114/mdast-util-gfm-table@1.0.7/index.d.ts": "740c412d1718fbe4c76549b3bd82298c94458eceec69f9c70981d0caa42754ed",
    "https://esm.sh/v114/mdast-util-gfm-table@1.0.7/lib/index.d.ts": "00dc0242affb60419e64b4260143293b61586df0c7ba5e1ef005a95d36f9f857",
    "https://esm.sh/v114/mdast-util-gfm-task-list-item@1.0.2/deno/mdast-util-gfm-task-list-item.mjs": "205e84aba97577f4614bdd487761c31dc923361e793f028c5cd06ed97d104194",
    "https://esm.sh/v114/mdast-util-gfm@2.0.2/deno/mdast-util-gfm.mjs": "08f31f67b2332c8e1aff6f3c450b73e2f65ec03e54b8b8bebff48ba23db20859",
    "https://esm.sh/v114/mdast-util-gfm@2.0.2/index.d.ts": "9a5fea095a9ba59fe3038060ca55772a688cc57ff77950053936c62ca342a8c7",
    "https://esm.sh/v114/mdast-util-gfm@2.0.2/lib/index.d.ts": "a347deba2569eccdfe13cba5b5c2e074618db5510cb83d4b19858a0d6466f401",
    "https://esm.sh/v114/mdast-util-to-hast@12.2.6/complex-types.d.ts": "bd091e3e0c28e21acd120dae920ba21fb73f9aa7e43a8937d5098a50a03cd365",
    "https://esm.sh/v114/mdast-util-to-hast@12.2.6/deno/mdast-util-to-hast.mjs": "986e5209dc6097fe56978201523c117153bd54e93efebacdfb693604a978229c",
    "https://esm.sh/v114/mdast-util-to-hast@12.2.6/index.d.ts": "2eebca76dd911a3be170428e0a692788b036fb4f0013f5f18bb1af6360d5c00a",
    "https://esm.sh/v114/mdast-util-to-hast@12.2.6/lib/handlers/blockquote.d.ts": "87c64af2590852b343d1887ae1b6f3003307871aa7ed8ab265669d717f0504d5",
    "https://esm.sh/v114/mdast-util-to-hast@12.2.6/lib/handlers/break.d.ts": "fcda012ed1068278d80b1244252213728f6a408f5297980a76cf2261d38210b5",
    "https://esm.sh/v114/mdast-util-to-hast@12.2.6/lib/handlers/code.d.ts": "70a0ed6581bc554eef825b513449ec61fcbbd05ac412f854fed2dfee39141184",
    "https://esm.sh/v114/mdast-util-to-hast@12.2.6/lib/handlers/delete.d.ts": "6d88c50e978c69165027abddaee0dfc809ea5f441e3c39e2858963bf4036fa32",
    "https://esm.sh/v114/mdast-util-to-hast@12.2.6/lib/handlers/emphasis.d.ts": "02cba781252db34040a911c2a2aef5de5515e8297ac7a5f63100e632cec6193c",
    "https://esm.sh/v114/mdast-util-to-hast@12.2.6/lib/handlers/footnote-reference.d.ts": "12540d9086c3d1b83f024865f8ab8856d0a7a88115a204a3577a7199af58af01",
    "https://esm.sh/v114/mdast-util-to-hast@12.2.6/lib/handlers/footnote.d.ts": "1361651def9b7c8a54fd4853892ad363d6d114cd39f34149f23d1cb12316ec27",
    "https://esm.sh/v114/mdast-util-to-hast@12.2.6/lib/handlers/heading.d.ts": "9cdde3acaafeec01995fdf032116cdda20631a0d0e8262e31e6a51b342bc775a",
    "https://esm.sh/v114/mdast-util-to-hast@12.2.6/lib/handlers/html.d.ts": "cf7910d3f49586cc72b5e90b61cc8134af6e2282dadcb718b3e1eab558754339",
    "https://esm.sh/v114/mdast-util-to-hast@12.2.6/lib/handlers/image-reference.d.ts": "c236bfcde8e2bec5fe2f83a1ad3d281572e9a9e9f937c195bcf7c0600bd7d91c",
    "https://esm.sh/v114/mdast-util-to-hast@12.2.6/lib/handlers/image.d.ts": "0d190d94c527e20071898dc8e320dc9823e31e920560a8084f0607a023de6f6e",
    "https://esm.sh/v114/mdast-util-to-hast@12.2.6/lib/handlers/index.d.ts": "d9f0bfdbcbf97939ba740cba76a22933dd546e98125daa796d34693918e8ec46",
    "https://esm.sh/v114/mdast-util-to-hast@12.2.6/lib/handlers/inline-code.d.ts": "ee11deca0f3a970dd9cb48a6f8cfef9d02fb5c2f8a71615918898fdded17ff31",
    "https://esm.sh/v114/mdast-util-to-hast@12.2.6/lib/handlers/link-reference.d.ts": "78787facf371e882410be07045a01158d32aa28f86b9cda93bc4bc7b4446ca28",
    "https://esm.sh/v114/mdast-util-to-hast@12.2.6/lib/handlers/link.d.ts": "46f7912466c5236b87786c06fbd76d7a3c0dd71b0ff886c365867d298a5acb7b",
    "https://esm.sh/v114/mdast-util-to-hast@12.2.6/lib/handlers/list-item.d.ts": "26a3202f3c676be9ea485ec76244be3207f1cebd1f1c7ebcc829b1aa62eaffaf",
    "https://esm.sh/v114/mdast-util-to-hast@12.2.6/lib/handlers/list.d.ts": "b034be91400e40bf200870c9ea64718ce88c1b0b72cfd4e1f0a340bbf3bdeab3",
    "https://esm.sh/v114/mdast-util-to-hast@12.2.6/lib/handlers/paragraph.d.ts": "67d6e88b2d04e4a247fde274331bb9a3d1d00245346ed620dd9d91a551530249",
    "https://esm.sh/v114/mdast-util-to-hast@12.2.6/lib/handlers/root.d.ts": "d0ce537d62f770829521512293f074bb32cc8d221fe111cd92cd1b6c450aff35",
    "https://esm.sh/v114/mdast-util-to-hast@12.2.6/lib/handlers/strong.d.ts": "b8bb22639a748d2c1d0f1ff11337c4f7fc1a625eff3c7d267d3023f805f861d5",
    "https://esm.sh/v114/mdast-util-to-hast@12.2.6/lib/handlers/table.d.ts": "94186d1e371153de811808ce4506b44844bd1c052dec3175ee3724f8756efabf",
    "https://esm.sh/v114/mdast-util-to-hast@12.2.6/lib/handlers/text.d.ts": "a8077545961957e7a9018d5fc07b3879073e929cee8740088fd3d12988c726ea",
    "https://esm.sh/v114/mdast-util-to-hast@12.2.6/lib/handlers/thematic-break.d.ts": "c8869af02ad6a412774454e55c9ace441288084f410ab69034a9b7d4078e84de",
    "https://esm.sh/v114/mdast-util-to-hast@12.2.6/lib/index.d.ts": "23e3178c7d347ee453edaa3aa5e1b568e72ba2822a0e114d0e6e9d77f93b0195",
    "https://esm.sh/v114/mdast-util-to-hast@12.2.6/lib/traverse.d.ts": "f7e1d32f45f5935554f914cacd8f368a47b66d6296df92b2f8aedbc43d281e10",
    "https://esm.sh/v114/mdast-util-to-markdown@1.5.0/deno/lib/handle/inline-code.js.js": "a8530f9190f4ae5b9191b83bd0dbb6333a6c704ba213237f133523d2519c2f83",
    "https://esm.sh/v114/mdast-util-to-markdown@1.5.0/deno/lib/handle/list-item.js.js": "dc7d80e0286fac53d990cc56bff32c222cb617f14b03ff07e1ac2588326fa590",
    "https://esm.sh/v114/mdast-util-to-markdown@1.5.0/deno/lib/util/association.js.js": "eae8637f242e61ac413886ea7109ba7e8baba5b0fe9797b08d74d90a2120d73c",
    "https://esm.sh/v114/mdast-util-to-markdown@1.5.0/deno/lib/util/check-bullet.js.js": "1c5733e9818941934f1e343be301a472796eba3e71f19d3908634d8b33e49cb5",
    "https://esm.sh/v114/mdast-util-to-markdown@1.5.0/deno/lib/util/check-list-item-indent.js.js": "e9dbab3eeaf83fc4c07a23d80a4c0249db1af2c1fd6e872e73871334793c5cc9",
    "https://esm.sh/v114/mdast-util-to-markdown@1.5.0/deno/lib/util/check-quote.js.js": "cb26a1a857672cc5278f12ad4886bbace572a93f6ea6f66f951744f0535e0d2e",
    "https://esm.sh/v114/mdast-util-to-markdown@1.5.0/deno/lib/util/container-flow.js.js": "eb867e2d30234d979a533b7cecd8ba52f620ace5a8949a9d750093fa835e9c9b",
    "https://esm.sh/v114/mdast-util-to-markdown@1.5.0/deno/lib/util/container-phrasing.js.js": "3feea31d05b85b19c589be7f3a98c6676d6c97c11e4a4e9e0e2e77cc51c3f00a",
    "https://esm.sh/v114/mdast-util-to-markdown@1.5.0/deno/lib/util/indent-lines.js.js": "a75e3e926ff2b6879cb80938b45b5ae019adbc8f33a3f428f8366909f09c21cd",
    "https://esm.sh/v114/mdast-util-to-markdown@1.5.0/deno/lib/util/pattern-compile.js.js": "1a26b057434084eb056ad8aa452b956b5d74f3aa4ef7bfbe3d330294f7be2c56",
    "https://esm.sh/v114/mdast-util-to-markdown@1.5.0/deno/lib/util/pattern-in-scope.js.js": "b3ab5c1b579ba269885074deb3dd9ddad3c749bd5675df2c10b26e08fd99b686",
    "https://esm.sh/v114/mdast-util-to-markdown@1.5.0/deno/lib/util/safe.js.js": "ffb0b8e5129c5185bbcb0c7d737e3feb4af75a01145bf3d4a7f159aca74c3451",
    "https://esm.sh/v114/mdast-util-to-markdown@1.5.0/deno/lib/util/track.js.js": "0c387c19a5a3fd959c7bbc19e50b7526da2f0501c39e737a356af57ba6e17f43",
    "https://esm.sh/v114/mdast-util-to-markdown@1.5.0/index.d.ts": "4ae65c60b771ce95470db3a6816ab150917250bcb982debcebeec0cfe4f75136",
    "https://esm.sh/v114/mdast-util-to-markdown@1.5.0/lib/handle/blockquote.d.ts": "d064976baf4ffeff0c8b12a368f1ddd4ac232c3fa056ba854a3a281d618a17c3",
    "https://esm.sh/v114/mdast-util-to-markdown@1.5.0/lib/handle/break.d.ts": "9a1e1d6d3bf60d739b7abd45293f1b18cf95eab18bb6e5845eef935676dbe819",
    "https://esm.sh/v114/mdast-util-to-markdown@1.5.0/lib/handle/code.d.ts": "ad761ecb24210f236082761e0dddbe8d075feed4702b2be0bbf21c51131bd16f",
    "https://esm.sh/v114/mdast-util-to-markdown@1.5.0/lib/handle/definition.d.ts": "59ebfcf6f1e37ff2fc978e2307ce280c4a7ed139f67eee3d035aa17c475a2b73",
    "https://esm.sh/v114/mdast-util-to-markdown@1.5.0/lib/handle/emphasis.d.ts": "78b0a98adcd7ff44871ce79cf20ad373a62faf67efc567c96029c2b58ebce3c2",
    "https://esm.sh/v114/mdast-util-to-markdown@1.5.0/lib/handle/heading.d.ts": "722af0441a28685a27ea23d26a4cf2ae7150144be86048134f05cafb2be63c6b",
    "https://esm.sh/v114/mdast-util-to-markdown@1.5.0/lib/handle/html.d.ts": "bb6123fd66b8eaa8f53c73bd55aeaddc69d6feea45cbc9c5f916ff40f5c92e59",
    "https://esm.sh/v114/mdast-util-to-markdown@1.5.0/lib/handle/image-reference.d.ts": "b5f67014b1e4710efb0bb3331f83ccf8cdf473dca83ab53e9729b7c7d20e0f62",
    "https://esm.sh/v114/mdast-util-to-markdown@1.5.0/lib/handle/image.d.ts": "16585a6cce35ba8f932b1bc7ae4d62eab96da37337cc00eb1e934a6a55eb2510",
    "https://esm.sh/v114/mdast-util-to-markdown@1.5.0/lib/handle/index.d.ts": "9603f45f09b41807962e338d1fbaf496d25575463c08e61b11bcddbad052d10d",
    "https://esm.sh/v114/mdast-util-to-markdown@1.5.0/lib/handle/inline-code.d.ts": "c0db94ec6dc02e0ad4cba71078fbacc44c52c3763b101f0f7303284a40930e10",
    "https://esm.sh/v114/mdast-util-to-markdown@1.5.0/lib/handle/link-reference.d.ts": "8105ab6127007ae02f2f63969bb560171037a5dac027e790a5458c611594c3f5",
    "https://esm.sh/v114/mdast-util-to-markdown@1.5.0/lib/handle/link.d.ts": "ff0f407d35cbb2250f5fd7ce5d99d97fc0069e12dca502242900b0d8733d2ef9",
    "https://esm.sh/v114/mdast-util-to-markdown@1.5.0/lib/handle/list-item.d.ts": "8c20c07bea62b0eefa5aa1445d88b360cb5291ad72c93ab530f87d8fbc21bc12",
    "https://esm.sh/v114/mdast-util-to-markdown@1.5.0/lib/handle/list.d.ts": "dda33fa25a3d93b44b3ecea8025842540cfa104aaede61f3b5be3ba8873ed1e8",
    "https://esm.sh/v114/mdast-util-to-markdown@1.5.0/lib/handle/paragraph.d.ts": "9d7eff3e7f46066d339e446c393896a9a859ebd7e65326d18515519e619b991f",
    "https://esm.sh/v114/mdast-util-to-markdown@1.5.0/lib/handle/root.d.ts": "452e3b3d0637af5e63f36550370c57963fbd6c85a4ae09efd46f1ebdac6132ae",
    "https://esm.sh/v114/mdast-util-to-markdown@1.5.0/lib/handle/strong.d.ts": "44d637de9848a8490410f494b70596a4ae62bd637060d79397f65117e0049d1e",
    "https://esm.sh/v114/mdast-util-to-markdown@1.5.0/lib/handle/text.d.ts": "ec26398312e8af1541a7d4f114148a9cbc2929625ea1d28caf80ac934d1a259c",
    "https://esm.sh/v114/mdast-util-to-markdown@1.5.0/lib/handle/thematic-break.d.ts": "b9f0f83470b336cb2ff5e3c6591d6c42ec979d05c1649b23b135bc57d0e9866f",
    "https://esm.sh/v114/mdast-util-to-markdown@1.5.0/lib/index.d.ts": "8d85391c069a2ea0c0779abc56e48347dd8a885d4fefe1d09f3cfa4a252e4bfd",
    "https://esm.sh/v114/mdast-util-to-markdown@1.5.0/lib/types.d.ts": "403ca9e5227f78983e5a12cfe16f30627aa633521a869f229d6e3a039476e440",
    "https://esm.sh/v114/mdast-util-to-string@3.2.0/deno/mdast-util-to-string.mjs": "0f80ba3a4074f902acf34c8c800e53b959694db51b15ac39f4087beb0a08e1d4",
    "https://esm.sh/v114/micromark-core-commonmark@1.0.6/deno/micromark-core-commonmark.mjs": "f850d00a28a6e166ad6b6a6d949bd7f61a52cd0564be09ab50416f1bd4351dea",
    "https://esm.sh/v114/micromark-extension-directive@2.2.0/deno/micromark-extension-directive.mjs": "7b23e205b64312d9d6c26609d80ef18715e0f16d557323bc67ec65c77ca7da61",
    "https://esm.sh/v114/micromark-extension-directive@2.2.0/index.d.ts": "84f0c849779b955bd642659e5d1675a6aff3a300b34db0d7181c8144d8bac26f",
    "https://esm.sh/v114/micromark-extension-directive@2.2.0/lib/html.d.ts": "4534b6adad602ada0501e6a5a5b76aa1bd9a7855615cf9e49cd8363b08372d57",
    "https://esm.sh/v114/micromark-extension-directive@2.2.0/lib/syntax.d.ts": "74eba182b9a0d8ffd5e9921641bfd5236bf9dc4bf04c26fc1fed6e28b3c446e6",
    "https://esm.sh/v114/micromark-factory-destination@1.0.0/deno/micromark-factory-destination.mjs": "7cec388f18b05d4ff834fb2436da9706e62c96879990297839e2013c2feaa2c8",
    "https://esm.sh/v114/micromark-factory-label@1.0.2/deno/micromark-factory-label.mjs": "8ee956a7365e7cfc0bc5de3d9077618340c5075498ad9f7b83ce4f4ebcd5ec50",
    "https://esm.sh/v114/micromark-factory-space@1.0.0/deno/micromark-factory-space.mjs": "c7dbf7d23720de31b0bb744fdffaf449bac3f392b6bfef5de022d95c6d78d84e",
    "https://esm.sh/v114/micromark-factory-title@1.0.2/deno/micromark-factory-title.mjs": "082fedd60f22b22db642e70718f435271f05796d7cb6f26d4effba61e661761c",
    "https://esm.sh/v114/micromark-factory-whitespace@1.0.0/deno/micromark-factory-whitespace.mjs": "04aa69216a1e41396190aee667c9345d1e21eb47f4bdadc14675db4951deb220",
    "https://esm.sh/v114/micromark-util-character@1.1.0/deno/micromark-util-character.mjs": "0d63c1f80ea1101703b1411ebf23c287fa871256cf7d2d0f8195d619d2fc8907",
    "https://esm.sh/v114/micromark-util-chunked@1.0.0/deno/micromark-util-chunked.mjs": "76149463ad9b617b5447ebdb213f58db94763de86fcdb3dc91c73f546ec39fa0",
    "https://esm.sh/v114/micromark-util-classify-character@1.0.0/deno/micromark-util-classify-character.mjs": "e73ebd962ec319502a76de4565ea6859242fec4ddd36e3e79cbd71bd59f652a6",
    "https://esm.sh/v114/micromark-util-combine-extensions@1.0.0/deno/micromark-util-combine-extensions.mjs": "5844f409f5103f74c934ee9379cae679a8dc6a39841d8fbafd4b64e75573be20",
    "https://esm.sh/v114/micromark-util-decode-numeric-character-reference@1.0.0/deno/micromark-util-decode-numeric-character-reference.mjs": "18b33d07491cb035c2e27a65027f2b31036d9ab0f152197a3eb71d9cdd880334",
    "https://esm.sh/v114/micromark-util-decode-string@1.0.2/deno/micromark-util-decode-string.mjs": "5be43f99e0e88d78770898d4a7c1b7ce0eb3b659c8a29732a00ded52e8944100",
    "https://esm.sh/v114/micromark-util-encode@1.0.1/deno/micromark-util-encode.mjs": "6731a4e0bbd8fe3dc5431b7b2f1465a57a876d877688995ea10b9138a811bc19",
    "https://esm.sh/v114/micromark-util-html-tag-name@1.1.0/deno/micromark-util-html-tag-name.mjs": "091ddd5450961a4f04b20c6bc7c0d16cc20b8a0053c7173f678da5119f2bf5b0",
    "https://esm.sh/v114/micromark-util-normalize-identifier@1.0.0/deno/micromark-util-normalize-identifier.mjs": "fd29611d0a21c79431f1a9872f7a4882a2c7fea391f634156ae8ffe9e925a4ac",
    "https://esm.sh/v114/micromark-util-resolve-all@1.0.0/deno/micromark-util-resolve-all.mjs": "8f4fa1ce2a0ed3214fccf56b8587622a2c5324f610d60236ef3b9f6b71bad6ac",
    "https://esm.sh/v114/micromark-util-sanitize-uri@1.1.0/deno/micromark-util-sanitize-uri.mjs": "d8ec7effd6ac909b36e8a628c37e090c4ee2f20792cee2b778531dfe9243855f",
    "https://esm.sh/v114/micromark-util-subtokenize@1.0.2/deno/micromark-util-subtokenize.mjs": "82369b45579d182da652bcc6a791ee0ba461dc40c69569b86bd0843d48107dcd",
    "https://esm.sh/v114/micromark-util-types@1.0.2/index.d.ts": "cce0134a9da5d93b08f4da07a18ca5bcb8f595216783bca8572182a928f0f03b",
    "https://esm.sh/v114/micromark@3.1.0/deno/lib/parse.js.js": "7e37ca912ff3afc368b47adfcca27d7a2f96cd1c9c7f59c0f6c8c5f4fa2617b1",
    "https://esm.sh/v114/micromark@3.1.0/deno/lib/postprocess.js.js": "09c59cd438fdb91a31cf140e9d482aedb6fcef1532b3c24fa7cbd2a0f933bb55",
    "https://esm.sh/v114/micromark@3.1.0/deno/lib/preprocess.js.js": "770f47bb7377a4d3867b371a38759b5ffcfedf07aa38909525e31ebae8b37ef0",
    "https://esm.sh/v114/parse-entities@4.0.1/deno/parse-entities.mjs": "7a5da7e0629db53f54ec224b9fc7bf8df5745f1319270fd7d76e4039830f8e77",
    "https://esm.sh/v114/preact@10.13.2/jsx-runtime/src/index.d.ts": "e153460ed2b3fe2ad8b93696ecd48fbf73cd628b0b0ea6692b71804a3af69dfd",
    "https://esm.sh/v114/preact@10.13.2/src/index.d.ts": "65398710de6aa0a07412da79784e05e6e96763f51c7c91b77344d2d0af06385c",
    "https://esm.sh/v114/preact@10.13.2/src/jsx.d.ts": "9ac9b82c199fa7b04748807d750eba1a106c0be52041b8617416f88d6fc0a257",
    "https://esm.sh/v114/property-information@6.2.0/deno/property-information.mjs": "0b470a707b619bd0d4e5d6fbad5c614662f48d0fa53967df5a0d7fab33dde807",
    "https://esm.sh/v114/property-information@6.2.0/index.d.ts": "a9e5c5ec2c2f725d3076d5723936f9421b61aad61c70761a046887e78205faff",
    "https://esm.sh/v114/property-information@6.2.0/lib/find.d.ts": "946fb56407dd8761cb61b1670a6c7df7e12bd5ec4b543b23c627d6ed94d7ce6f",
    "https://esm.sh/v114/property-information@6.2.0/lib/hast-to-react.d.ts": "46ab5ea5cdbc0ce75ade44ec0d9aa164f81e42b061d8e573b832a73ed181da57",
    "https://esm.sh/v114/property-information@6.2.0/lib/normalize.d.ts": "d752d4dde165ab9bd56ddd111f59a6bf46eebbc6d4ba4e433f2ea21d1d0599e6",
    "https://esm.sh/v114/property-information@6.2.0/lib/util/info.d.ts": "7bd32cd2e05737c6a5041ca7a31ceca0c14ce065661c5d1ae5f7bfa35ff3fc5e",
    "https://esm.sh/v114/property-information@6.2.0/lib/util/schema.d.ts": "35fc1ace1046f537efd2a4f06cf58149465ccca6bc1045ee0bd27e58fcd53804",
    "https://esm.sh/v114/space-separated-tokens@2.0.2/deno/space-separated-tokens.mjs": "13baf5dd2d803b179d6af7b8eb3b07a66a2a7899a91b5302932c4ae6ac7afabc",
    "https://esm.sh/v114/stringify-entities@4.0.3/deno/stringify-entities.mjs": "b1dbd87274fd3b337149eda1e4f1e46517149a212f791964bff60c17743ddc1e",
    "https://esm.sh/v114/style-to-object@0.4.1/deno/style-to-object.mjs": "b5a9d9dfe2ca868b1662f1b3c807c2602fc40dbef814881245a63fe4c8846612",
    "https://esm.sh/v114/trim-lines@3.0.1/deno/trim-lines.mjs": "09f87734682bac59fec1a842e07684a00d2434059ca1b9fbdccb250051de0187",
    "https://esm.sh/v114/unist-builder@3.0.1/deno/unist-builder.mjs": "4c09e8489262b985a969a815830d70912d3804868b51a162eadceb593f9bacfc",
    "https://esm.sh/v114/unist-util-generated@2.0.1/deno/unist-util-generated.mjs": "e39ccfbc354a97b2fc3ce20bb5d20e69f179728a3a28ca866269b469f9605836",
    "https://esm.sh/v114/unist-util-is@5.2.1/deno/unist-util-is.mjs": "95fb5b25be748587bc8f40ddc5c6c3ffee74cc8bc19016db695c8cb52c1eaadb",
    "https://esm.sh/v114/unist-util-map@3.1.3/deno/unist-util-map.mjs": "8301c480baa94a602af7a127f5f118fc4851faa8a788ec7b2809660c965d1042",
    "https://esm.sh/v114/unist-util-map@3.1.3/index.d.ts": "bdf8322bd39565af7e5516afc49073253947acbb84408ae8a11f46486d13256e",
    "https://esm.sh/v114/unist-util-map@3.1.3/lib/complex-types.d.ts": "ac7b352dc3fbfb17b13e9389b96aaa12eaf76c3d03bdc0beebbfe27da610f307",
    "https://esm.sh/v114/unist-util-map@3.1.3/lib/index.d.ts": "188348ebaf6ca14923713749f5ed270382cc1c60645162be067162124633a99a",
    "https://esm.sh/v114/unist-util-position@4.0.4/deno/unist-util-position.mjs": "276baf692b5f06e497f5ada09b7d52260bd9636410c171b54dab44f9a2a55688",
    "https://esm.sh/v114/unist-util-stringify-position@3.0.3/deno/unist-util-stringify-position.mjs": "fe173ba47eaa3af5f89a00b2b7a326bb39a14dfeacff071062a876bf41894446",
    "https://esm.sh/v114/unist-util-visit-parents@5.1.3/deno/unist-util-visit-parents.mjs": "eb029051fe6eec6a6f77e64f21cc929f8ac08d718032fde81be556a10991c230",
    "https://esm.sh/v114/unist-util-visit@4.1.2/deno/unist-util-visit.mjs": "a305cd2d66f58f1bccb6106dd23fa19245a0e0d9d3fb71da0f55323bc75d7005",
    "https://esm.sh/v114/vfile-message@3.1.4/deno/vfile-message.mjs": "dbf2c49d4a44d0b709ffa081d771efa6af7ff9cbd2825b7b11493aa83065daed"
  }
}
